
Microsoft Visual Studio Solution File, Format Version 12.00
# Visual Studio Version 17
VisualStudioVersion = 17.7.34031.279
MinimumVisualStudioVersion = 10.0.40219.1
Project("{9A19103F-16F7-4668-BE54-9A1E7A4F7556}") = "RhinoAnywhere", "RhinoAnywhere\RhinoAnywhere.csproj", "{68877B6D-2192-41F2-B5B6-3CB2F1D586E3}"
EndProject
Global
	GlobalSection(SolutionConfigurationPlatforms) = preSolution
		Debug|Any CPU = Debug|Any CPU
		Release|Any CPU = Release|Any CPU
	EndGlobalSection
	GlobalSection(ProjectConfigurationPlatforms) = postSolution
		{68877B6D-2192-41F2-B5B6-3CB2F1D586E3}.Debug|Any CPU.ActiveCfg = Debug|Any CPU
		{68877B6D-2192-41F2-B5B6-3CB2F1D586E3}.Debug|Any CPU.Build.0 = Debug|Any CPU
		{68877B6D-2192-41F2-B5B6-3CB2F1D586E3}.Release|Any CPU.ActiveCfg = Release|Any CPU
		{68877B6D-2192-41F2-B5B6-3CB2F1D586E3}.Release|Any CPU.Build.0 = Release|Any CPU
	EndGlobalSection
	GlobalSection(SolutionProperties) = preSolution
		HideSolutionNode = FALSE
	EndGlobalSection
	GlobalSection(ExtensibilityGlobals) = postSolution
		SolutionGuid = {E5F73F11-3237-4D0A-A58B-89331291A38A}
	EndGlobalSection
EndGlobal
